
Microsoft Visual Studio Solution File, Format Version 12.00
# Visual Studio 15
VisualStudioVersion = 15.0.27004.2002
MinimumVisualStudioVersion = 10.0.40219.1
Project("{FAE04EC0-301F-11D3-BF4B-00C04F79EFBC}") = "Rinex.IO", "Rinex.IO\Rinex.IO.csproj", "{FBB31132-4C79-46E9-9607-7A36ACE1F739}"
EndProject
Project("{FAE04EC0-301F-11D3-BF4B-00C04F79EFBC}") = "Rinex.Processing", "Rinex.Processing\Rinex.Processing.csproj", "{7E883EB2-FAF3-427A-89B9-705A96FE550C}"
EndProject
Project("{FAE04EC0-301F-11D3-BF4B-00C04F79EFBC}") = "Rinex.Tests", "Rinex.Tests\Rinex.Tests.csproj", "{E1A864C7-E46F-4CBB-B4D3-84E7622A7B3F}"
EndProject
Project("{FAE04EC0-301F-11D3-BF4B-00C04F79EFBC}") = "Rinex.Testbed", "Rinex.Testbed\Rinex.Testbed.csproj", "{4F36AA6E-967E-4006-8306-C78368466B37}"
EndProject
Project("{FAE04EC0-301F-11D3-BF4B-00C04F79EFBC}") = "Rinex.Structures", "Rinex.Structures\Rinex.Structures.csproj", "{6CDB7B28-626A-438A-9BBE-C5924A37091C}"
EndProject
Project("{FAE04EC0-301F-11D3-BF4B-00C04F79EFBC}") = "Rinex.Structures.Tests", "Rinex.Structures.Tests\Rinex.Structures.Tests.csproj", "{44CF453D-0B43-4661-894D-003C019615A7}"
EndProject
Global
	GlobalSection(SolutionConfigurationPlatforms) = preSolution
		Debug|Any CPU = Debug|Any CPU
		Debug|x64 = Debug|x64
		Debug|x86 = Debug|x86
		Release|Any CPU = Release|Any CPU
		Release|x64 = Release|x64
		Release|x86 = Release|x86
	EndGlobalSection
	GlobalSection(ProjectConfigurationPlatforms) = postSolution
		{FBB31132-4C79-46E9-9607-7A36ACE1F739}.Debug|Any CPU.ActiveCfg = Debug|Any CPU
		{FBB31132-4C79-46E9-9607-7A36ACE1F739}.Debug|Any CPU.Build.0 = Debug|Any CPU
		{FBB31132-4C79-46E9-9607-7A36ACE1F739}.Debug|x64.ActiveCfg = Debug|Any CPU
		{FBB31132-4C79-46E9-9607-7A36ACE1F739}.Debug|x64.Build.0 = Debug|Any CPU
		{FBB31132-4C79-46E9-9607-7A36ACE1F739}.Debug|x86.ActiveCfg = Debug|Any CPU
		{FBB31132-4C79-46E9-9607-7A36ACE1F739}.Debug|x86.Build.0 = Debug|Any CPU
		{FBB31132-4C79-46E9-9607-7A36ACE1F739}.Release|Any CPU.ActiveCfg = Release|Any CPU
		{FBB31132-4C79-46E9-9607-7A36ACE1F739}.Release|Any CPU.Build.0 = Release|Any CPU
		{FBB31132-4C79-46E9-9607-7A36ACE1F739}.Release|x64.ActiveCfg = Release|Any CPU
		{FBB31132-4C79-46E9-9607-7A36ACE1F739}.Release|x64.Build.0 = Release|Any CPU
		{FBB31132-4C79-46E9-9607-7A36ACE1F739}.Release|x86.ActiveCfg = Release|Any CPU
		{FBB31132-4C79-46E9-9607-7A36ACE1F739}.Release|x86.Build.0 = Release|Any CPU
		{7E883EB2-FAF3-427A-89B9-705A96FE550C}.Debug|Any CPU.ActiveCfg = Debug|Any CPU
		{7E883EB2-FAF3-427A-89B9-705A96FE550C}.Debug|Any CPU.Build.0 = Debug|Any CPU
		{7E883EB2-FAF3-427A-89B9-705A96FE550C}.Debug|x64.ActiveCfg = Debug|x64
		{7E883EB2-FAF3-427A-89B9-705A96FE550C}.Debug|x64.Build.0 = Debug|x64
		{7E883EB2-FAF3-427A-89B9-705A96FE550C}.Debug|x86.ActiveCfg = Debug|x86
		{7E883EB2-FAF3-427A-89B9-705A96FE550C}.Debug|x86.Build.0 = Debug|x86
		{7E883EB2-FAF3-427A-89B9-705A96FE550C}.Release|Any CPU.ActiveCfg = Release|Any CPU
		{7E883EB2-FAF3-427A-89B9-705A96FE550C}.Release|Any CPU.Build.0 = Release|Any CPU
		{7E883EB2-FAF3-427A-89B9-705A96FE550C}.Release|x64.ActiveCfg = Release|x64
		{7E883EB2-FAF3-427A-89B9-705A96FE550C}.Release|x64.Build.0 = Release|x64
		{7E883EB2-FAF3-427A-89B9-705A96FE550C}.Release|x86.ActiveCfg = Release|x86
		{7E883EB2-FAF3-427A-89B9-705A96FE550C}.Release|x86.Build.0 = Release|x86
		{E1A864C7-E46F-4CBB-B4D3-84E7622A7B3F}.Debug|Any CPU.ActiveCfg = Debug|Any CPU
		{E1A864C7-E46F-4CBB-B4D3-84E7622A7B3F}.Debug|Any CPU.Build.0 = Debug|Any CPU
		{E1A864C7-E46F-4CBB-B4D3-84E7622A7B3F}.Debug|x64.ActiveCfg = Debug|Any CPU
		{E1A864C7-E46F-4CBB-B4D3-84E7622A7B3F}.Debug|x64.Build.0 = Debug|Any CPU
		{E1A864C7-E46F-4CBB-B4D3-84E7622A7B3F}.Debug|x86.ActiveCfg = Debug|Any CPU
		{E1A864C7-E46F-4CBB-B4D3-84E7622A7B3F}.Debug|x86.Build.0 = Debug|Any CPU
		{E1A864C7-E46F-4CBB-B4D3-84E7622A7B3F}.Release|Any CPU.ActiveCfg = Release|Any CPU
		{E1A864C7-E46F-4CBB-B4D3-84E7622A7B3F}.Release|Any CPU.Build.0 = Release|Any CPU
		{E1A864C7-E46F-4CBB-B4D3-84E7622A7B3F}.Release|x64.ActiveCfg = Release|Any CPU
		{E1A864C7-E46F-4CBB-B4D3-84E7622A7B3F}.Release|x64.Build.0 = Release|Any CPU
		{E1A864C7-E46F-4CBB-B4D3-84E7622A7B3F}.Release|x86.ActiveCfg = Release|Any CPU
		{E1A864C7-E46F-4CBB-B4D3-84E7622A7B3F}.Release|x86.Build.0 = Release|Any CPU
		{4F36AA6E-967E-4006-8306-C78368466B37}.Debug|Any CPU.ActiveCfg = Debug|Any CPU
		{4F36AA6E-967E-4006-8306-C78368466B37}.Debug|Any CPU.Build.0 = Debug|Any CPU
		{4F36AA6E-967E-4006-8306-C78368466B37}.Debug|x64.ActiveCfg = Debug|Any CPU
		{4F36AA6E-967E-4006-8306-C78368466B37}.Debug|x64.Build.0 = Debug|Any CPU
		{4F36AA6E-967E-4006-8306-C78368466B37}.Debug|x86.ActiveCfg = Debug|Any CPU
		{4F36AA6E-967E-4006-8306-C78368466B37}.Debug|x86.Build.0 = Debug|Any CPU
		{4F36AA6E-967E-4006-8306-C78368466B37}.Release|Any CPU.ActiveCfg = Release|Any CPU
		{4F36AA6E-967E-4006-8306-C78368466B37}.Release|Any CPU.Build.0 = Release|Any CPU
		{4F36AA6E-967E-4006-8306-C78368466B37}.Release|x64.ActiveCfg = Release|Any CPU
		{4F36AA6E-967E-4006-8306-C78368466B37}.Release|x64.Build.0 = Release|Any CPU
		{4F36AA6E-967E-4006-8306-C78368466B37}.Release|x86.ActiveCfg = Release|Any CPU
		{4F36AA6E-967E-4006-8306-C78368466B37}.Release|x86.Build.0 = Release|Any CPU
		{6CDB7B28-626A-438A-9BBE-C5924A37091C}.Debug|Any CPU.ActiveCfg = Debug|Any CPU
		{6CDB7B28-626A-438A-9BBE-C5924A37091C}.Debug|Any CPU.Build.0 = Debug|Any CPU
		{6CDB7B28-626A-438A-9BBE-C5924A37091C}.Debug|x64.ActiveCfg = Debug|Any CPU
		{6CDB7B28-626A-438A-9BBE-C5924A37091C}.Debug|x64.Build.0 = Debug|Any CPU
		{6CDB7B28-626A-438A-9BBE-C5924A37091C}.Debug|x86.ActiveCfg = Debug|Any CPU
		{6CDB7B28-626A-438A-9BBE-C5924A37091C}.Debug|x86.Build.0 = Debug|Any CPU
		{6CDB7B28-626A-438A-9BBE-C5924A37091C}.Release|Any CPU.ActiveCfg = Release|Any CPU
		{6CDB7B28-626A-438A-9BBE-C5924A37091C}.Release|Any CPU.Build.0 = Release|Any CPU
		{6CDB7B28-626A-438A-9BBE-C5924A37091C}.Release|x64.ActiveCfg = Release|Any CPU
		{6CDB7B28-626A-438A-9BBE-C5924A37091C}.Release|x64.Build.0 = Release|Any CPU
		{6CDB7B28-626A-438A-9BBE-C5924A37091C}.Release|x86.ActiveCfg = Release|Any CPU
		{6CDB7B28-626A-438A-9BBE-C5924A37091C}.Release|x86.Build.0 = Release|Any CPU
		{44CF453D-0B43-4661-894D-003C019615A7}.Debug|Any CPU.ActiveCfg = Debug|Any CPU
		{44CF453D-0B43-4661-894D-003C019615A7}.Debug|Any CPU.Build.0 = Debug|Any CPU
		{44CF453D-0B43-4661-894D-003C019615A7}.Debug|x64.ActiveCfg = Debug|Any CPU
		{44CF453D-0B43-4661-894D-003C019615A7}.Debug|x64.Build.0 = Debug|Any CPU
		{44CF453D-0B43-4661-894D-003C019615A7}.Debug|x86.ActiveCfg = Debug|Any CPU
		{44CF453D-0B43-4661-894D-003C019615A7}.Debug|x86.Build.0 = Debug|Any CPU
		{44CF453D-0B43-4661-894D-003C019615A7}.Release|Any CPU.ActiveCfg = Release|Any CPU
		{44CF453D-0B43-4661-894D-003C019615A7}.Release|Any CPU.Build.0 = Release|Any CPU
		{44CF453D-0B43-4661-894D-003C019615A7}.Release|x64.ActiveCfg = Release|Any CPU
		{44CF453D-0B43-4661-894D-003C019615A7}.Release|x64.Build.0 = Release|Any CPU
		{44CF453D-0B43-4661-894D-003C019615A7}.Release|x86.ActiveCfg = Release|Any CPU
		{44CF453D-0B43-4661-894D-003C019615A7}.Release|x86.Build.0 = Release|Any CPU
	EndGlobalSection
	GlobalSection(SolutionProperties) = preSolution
		HideSolutionNode = FALSE
	EndGlobalSection
	GlobalSection(ExtensibilityGlobals) = postSolution
		SolutionGuid = {43AA5E09-0573-4E87-A01B-1676308ADBD4}
	EndGlobalSection
EndGlobal
